
Microsoft Visual Studio Solution File, Format Version 9.00
# Visual Studio 2005
Project("{8BC9CEB8-8B4A-11D0-8D11-00A0C91BC942}") = "Toolkit.RPL", "components\RPL\_make_\Toolkit.RPL.vcproj", "{6A8B0CAD-71E5-4872-8807-A046E0660E6A}"
	ProjectSection(ProjectDependencies) = postProject
		{C320DFD5-5BD4-4ABD-B618-356D62E88121} = {C320DFD5-5BD4-4ABD-B618-356D62E88121}
	EndProjectSection
EndProject
Project("{FAE04EC0-301F-11D3-BF4B-00C04F79EFBC}") = "Toolkit.Controls", "components\Controls\Toolkit.Controls.csproj", "{BCF3A043-0D22-4DE0-A72C-62CC9B4CD8A4}"
EndProject
Project("{8BC9CEB8-8B4A-11D0-8D11-00A0C91BC942}") = "Toolkit.Remoting", "components\Remoting\_make_\Toolkit.Remoting.vcproj", "{7D6A9B64-6381-4023-B410-025480718AE7}"
EndProject
Project("{8BC9CEB8-8B4A-11D0-8D11-00A0C91BC942}") = "Toolkit.Collections", "components\Collections\_make_\Toolkit.Collections.vcproj", "{C320DFD5-5BD4-4ABD-B618-356D62E88121}"
EndProject
Project("{FAE04EC0-301F-11D3-BF4B-00C04F79EFBC}") = "Toolkit.RPL.Storage", "components\RPL.Storage\Toolkit.RPL.Storage.csproj", "{BE56E95A-B4E6-4CAE-B58A-C0D2EF0E63A1}"
	ProjectSection(ProjectDependencies) = postProject
		{6A8B0CAD-71E5-4872-8807-A046E0660E6A} = {6A8B0CAD-71E5-4872-8807-A046E0660E6A}
	EndProjectSection
EndProject
Project("{8BC9CEB8-8B4A-11D0-8D11-00A0C91BC942}") = "Toolkit.Settings", "components\Settings\_make_\Toolkit.Settings.vcproj", "{29C3CB10-5221-48C5-AEDF-25730B3B030A}"
EndProject
Project("{FAE04EC0-301F-11D3-BF4B-00C04F79EFBC}") = "Toolkit.Workflow.Schema", "components\Workflow.Schema\Toolkit.Workflow.Schema.csproj", "{53BB28C0-428A-4024-A9D1-5CA7DADCF419}"
EndProject
Global
	GlobalSection(SolutionConfigurationPlatforms) = preSolution
		Debug|Mixed Platforms = Debug|Mixed Platforms
		Release|Mixed Platforms = Release|Mixed Platforms
	EndGlobalSection
	GlobalSection(ProjectConfigurationPlatforms) = postSolution
		{6A8B0CAD-71E5-4872-8807-A046E0660E6A}.Debug|Mixed Platforms.ActiveCfg = Debug|Win32
		{6A8B0CAD-71E5-4872-8807-A046E0660E6A}.Debug|Mixed Platforms.Build.0 = Debug|Win32
		{6A8B0CAD-71E5-4872-8807-A046E0660E6A}.Release|Mixed Platforms.ActiveCfg = Release|Win32
		{6A8B0CAD-71E5-4872-8807-A046E0660E6A}.Release|Mixed Platforms.Build.0 = Release|Win32
		{BCF3A043-0D22-4DE0-A72C-62CC9B4CD8A4}.Debug|Mixed Platforms.ActiveCfg = Debug|Any CPU
		{BCF3A043-0D22-4DE0-A72C-62CC9B4CD8A4}.Debug|Mixed Platforms.Build.0 = Debug|Any CPU
		{BCF3A043-0D22-4DE0-A72C-62CC9B4CD8A4}.Release|Mixed Platforms.ActiveCfg = Release|Any CPU
		{BCF3A043-0D22-4DE0-A72C-62CC9B4CD8A4}.Release|Mixed Platforms.Build.0 = Release|Any CPU
		{7D6A9B64-6381-4023-B410-025480718AE7}.Debug|Mixed Platforms.ActiveCfg = Debug|Win32
		{7D6A9B64-6381-4023-B410-025480718AE7}.Debug|Mixed Platforms.Build.0 = Debug|Win32
		{7D6A9B64-6381-4023-B410-025480718AE7}.Release|Mixed Platforms.ActiveCfg = Release|Win32
		{7D6A9B64-6381-4023-B410-025480718AE7}.Release|Mixed Platforms.Build.0 = Release|Win32
		{C320DFD5-5BD4-4ABD-B618-356D62E88121}.Debug|Mixed Platforms.ActiveCfg = Debug|Win32
		{C320DFD5-5BD4-4ABD-B618-356D62E88121}.Debug|Mixed Platforms.Build.0 = Debug|Win32
		{C320DFD5-5BD4-4ABD-B618-356D62E88121}.Release|Mixed Platforms.ActiveCfg = Release|Win32
		{C320DFD5-5BD4-4ABD-B618-356D62E88121}.Release|Mixed Platforms.Build.0 = Release|Win32
		{BE56E95A-B4E6-4CAE-B58A-C0D2EF0E63A1}.Debug|Mixed Platforms.ActiveCfg = Debug|Any CPU
		{BE56E95A-B4E6-4CAE-B58A-C0D2EF0E63A1}.Debug|Mixed Platforms.Build.0 = Debug|Any CPU
		{BE56E95A-B4E6-4CAE-B58A-C0D2EF0E63A1}.Release|Mixed Platforms.ActiveCfg = Release|Any CPU
		{BE56E95A-B4E6-4CAE-B58A-C0D2EF0E63A1}.Release|Mixed Platforms.Build.0 = Release|Any CPU
		{29C3CB10-5221-48C5-AEDF-25730B3B030A}.Debug|Mixed Platforms.ActiveCfg = Debug|Win32
		{29C3CB10-5221-48C5-AEDF-25730B3B030A}.Debug|Mixed Platforms.Build.0 = Debug|Win32
		{29C3CB10-5221-48C5-AEDF-25730B3B030A}.Release|Mixed Platforms.ActiveCfg = Release|Win32
		{29C3CB10-5221-48C5-AEDF-25730B3B030A}.Release|Mixed Platforms.Build.0 = Release|Win32
		{53BB28C0-428A-4024-A9D1-5CA7DADCF419}.Debug|Mixed Platforms.ActiveCfg = Debug|Any CPU
		{53BB28C0-428A-4024-A9D1-5CA7DADCF419}.Debug|Mixed Platforms.Build.0 = Debug|Any CPU
		{53BB28C0-428A-4024-A9D1-5CA7DADCF419}.Release|Mixed Platforms.ActiveCfg = Release|Any CPU
		{53BB28C0-428A-4024-A9D1-5CA7DADCF419}.Release|Mixed Platforms.Build.0 = Release|Any CPU
	EndGlobalSection
	GlobalSection(SolutionProperties) = preSolution
		HideSolutionNode = FALSE
	EndGlobalSection
EndGlobal
